
Microsoft Visual Studio Solution File, Format Version 12.00
# Visual Studio Version 17
VisualStudioVersion = 17.14.36623.8
MinimumVisualStudioVersion = 10.0.40219.1
Project("{FAE04EC0-301F-11D3-BF4B-00C04F79EFBC}") = "CheckDigitCalculator", "CheckDigitCalculator\CheckDigitCalculator.csproj", "{693F7809-FB5B-4982-B26B-26BCDD7B2749}"
EndProject
Project("{FAE04EC0-301F-11D3-BF4B-00C04F79EFBC}") = "CheckDigitCalculator.Application", "CheckDigitCalculator.Application\CheckDigitCalculator.Application.csproj", "{887DAB8B-1B96-4370-98D1-278B884116DB}"
EndProject
Global
	GlobalSection(SolutionConfigurationPlatforms) = preSolution
		Debug|Any CPU = Debug|Any CPU
		Release|Any CPU = Release|Any CPU
	EndGlobalSection
	GlobalSection(ProjectConfigurationPlatforms) = postSolution
		{693F7809-FB5B-4982-B26B-26BCDD7B2749}.Debug|Any CPU.ActiveCfg = Debug|Any CPU
		{693F7809-FB5B-4982-B26B-26BCDD7B2749}.Debug|Any CPU.Build.0 = Debug|Any CPU
		{693F7809-FB5B-4982-B26B-26BCDD7B2749}.Release|Any CPU.ActiveCfg = Release|Any CPU
		{693F7809-FB5B-4982-B26B-26BCDD7B2749}.Release|Any CPU.Build.0 = Release|Any CPU
		{887DAB8B-1B96-4370-98D1-278B884116DB}.Debug|Any CPU.ActiveCfg = Debug|Any CPU
		{887DAB8B-1B96-4370-98D1-278B884116DB}.Debug|Any CPU.Build.0 = Debug|Any CPU
		{887DAB8B-1B96-4370-98D1-278B884116DB}.Release|Any CPU.ActiveCfg = Release|Any CPU
		{887DAB8B-1B96-4370-98D1-278B884116DB}.Release|Any CPU.Build.0 = Release|Any CPU
	EndGlobalSection
	GlobalSection(SolutionProperties) = preSolution
		HideSolutionNode = FALSE
	EndGlobalSection
	GlobalSection(ExtensibilityGlobals) = postSolution
		SolutionGuid = {414552C2-2FBD-4DB5-944A-B2B9CE3BBC72}
	EndGlobalSection
EndGlobal
